{
  "name": "codex-plugin-oc",
  "version": "1.0.1",
  "lockfileVersion": 3,
  "requires": true,
  "packages": {
    "": {
      "name": "codex-plugin-oc",
      "version": "1.0.1",
      "license": "Apache-2.0",
      "bin": {
        "codex-plugin-oc": "scripts/install.mjs"
      },
      "engines": {
        "node": ">=18.18.0"
      }
    }
  }
}
